
Microsoft Visual Studio Solution File, Format Version 12.00
# Visual Studio 2012
Project("{FAE04EC0-301F-11D3-BF4B-00C04F79EFBC}") = "FollowMe_Batch", "FollowMe_Batch\FollowMe_Batch.csproj", "{04D8F3B9-87EE-4262-A3C4-E4825F5CB271}"
EndProject
Global
	GlobalSection(SolutionConfigurationPlatforms) = preSolution
		Debug|Any CPU = Debug|Any CPU
		Release|Any CPU = Release|Any CPU
	EndGlobalSection
	GlobalSection(ProjectConfigurationPlatforms) = postSolution
		{04D8F3B9-87EE-4262-A3C4-E4825F5CB271}.Debug|Any CPU.ActiveCfg = Debug|Any CPU
		{04D8F3B9-87EE-4262-A3C4-E4825F5CB271}.Debug|Any CPU.Build.0 = Debug|Any CPU
		{04D8F3B9-87EE-4262-A3C4-E4825F5CB271}.Release|Any CPU.ActiveCfg = Release|Any CPU
		{04D8F3B9-87EE-4262-A3C4-E4825F5CB271}.Release|Any CPU.Build.0 = Release|Any CPU
	EndGlobalSection
	GlobalSection(SolutionProperties) = preSolution
		HideSolutionNode = FALSE
	EndGlobalSection
EndGlobal
